
Microsoft Visual Studio Solution File, Format Version 12.00
# Visual Studio Version 17
VisualStudioVersion = 17.1.32414.318
MinimumVisualStudioVersion = 10.0.40219.1
Project("{8BC9CEB8-8B4A-11D0-8D11-00A0C91BC942}") = "GameServer", "GameServer\GameServer.vcxproj", "{6C839237-D1B2-4A3C-8EAE-CEA817C1614B}"
EndProject
Project("{8BC9CEB8-8B4A-11D0-8D11-00A0C91BC942}") = "DummyClient", "DummyClient\DummyClient.vcxproj", "{8A084718-AAD7-4CC4-8881-68467DDF0723}"
EndProject
Project("{8BC9CEB8-8B4A-11D0-8D11-00A0C91BC942}") = "ServerCore", "ServerCore\ServerCore.vcxproj", "{6A0E86C1-0132-44B3-830A-BDEF2418B462}"
EndProject
Project("{2150E333-8FDC-42A3-9474-1A3956D46DE8}") = "Tools", "Tools", "{0365DFD7-670E-4824-97C6-5EDE2824F594}"
EndProject
Project("{888888A0-9F3D-457C-B088-3A5042F75D52}") = "PacketGenerator", "Tools\PacketGenerator\PacketGenerator.pyproj", "{69F9C5EC-FD3F-4FD4-97FE-89B9DC8BADD2}"
EndProject
Global
	GlobalSection(SolutionConfigurationPlatforms) = preSolution
		Debug|Any CPU = Debug|Any CPU
		Debug|x64 = Debug|x64
		Debug|x86 = Debug|x86
		Release|Any CPU = Release|Any CPU
		Release|x64 = Release|x64
		Release|x86 = Release|x86
	EndGlobalSection
	GlobalSection(ProjectConfigurationPlatforms) = postSolution
		{6C839237-D1B2-4A3C-8EAE-CEA817C1614B}.Debug|Any CPU.ActiveCfg = Debug|x64
		{6C839237-D1B2-4A3C-8EAE-CEA817C1614B}.Debug|Any CPU.Build.0 = Debug|x64
		{6C839237-D1B2-4A3C-8EAE-CEA817C1614B}.Debug|x64.ActiveCfg = Debug|x64
		{6C839237-D1B2-4A3C-8EAE-CEA817C1614B}.Debug|x64.Build.0 = Debug|x64
		{6C839237-D1B2-4A3C-8EAE-CEA817C1614B}.Debug|x86.ActiveCfg = Debug|Win32
		{6C839237-D1B2-4A3C-8EAE-CEA817C1614B}.Debug|x86.Build.0 = Debug|Win32
		{6C839237-D1B2-4A3C-8EAE-CEA817C1614B}.Release|Any CPU.ActiveCfg = Release|x64
		{6C839237-D1B2-4A3C-8EAE-CEA817C1614B}.Release|Any CPU.Build.0 = Release|x64
		{6C839237-D1B2-4A3C-8EAE-CEA817C1614B}.Release|x64.ActiveCfg = Release|x64
		{6C839237-D1B2-4A3C-8EAE-CEA817C1614B}.Release|x64.Build.0 = Release|x64
		{6C839237-D1B2-4A3C-8EAE-CEA817C1614B}.Release|x86.ActiveCfg = Release|Win32
		{6C839237-D1B2-4A3C-8EAE-CEA817C1614B}.Release|x86.Build.0 = Release|Win32
		{8A084718-AAD7-4CC4-8881-68467DDF0723}.Debug|Any CPU.ActiveCfg = Debug|x64
		{8A084718-AAD7-4CC4-8881-68467DDF0723}.Debug|Any CPU.Build.0 = Debug|x64
		{8A084718-AAD7-4CC4-8881-68467DDF0723}.Debug|x64.ActiveCfg = Debug|x64
		{8A084718-AAD7-4CC4-8881-68467DDF0723}.Debug|x64.Build.0 = Debug|x64
		{8A084718-AAD7-4CC4-8881-68467DDF0723}.Debug|x86.ActiveCfg = Debug|Win32
		{8A084718-AAD7-4CC4-8881-68467DDF0723}.Debug|x86.Build.0 = Debug|Win32
		{8A084718-AAD7-4CC4-8881-68467DDF0723}.Release|Any CPU.ActiveCfg = Release|x64
		{8A084718-AAD7-4CC4-8881-68467DDF0723}.Release|Any CPU.Build.0 = Release|x64
		{8A084718-AAD7-4CC4-8881-68467DDF0723}.Release|x64.ActiveCfg = Release|x64
		{8A084718-AAD7-4CC4-8881-68467DDF0723}.Release|x64.Build.0 = Release|x64
		{8A084718-AAD7-4CC4-8881-68467DDF0723}.Release|x86.ActiveCfg = Release|Win32
		{8A084718-AAD7-4CC4-8881-68467DDF0723}.Release|x86.Build.0 = Release|Win32
		{6A0E86C1-0132-44B3-830A-BDEF2418B462}.Debug|Any CPU.ActiveCfg = Debug|x64
		{6A0E86C1-0132-44B3-830A-BDEF2418B462}.Debug|Any CPU.Build.0 = Debug|x64
		{6A0E86C1-0132-44B3-830A-BDEF2418B462}.Debug|x64.ActiveCfg = Debug|x64
		{6A0E86C1-0132-44B3-830A-BDEF2418B462}.Debug|x64.Build.0 = Debug|x64
		{6A0E86C1-0132-44B3-830A-BDEF2418B462}.Debug|x86.ActiveCfg = Debug|Win32
		{6A0E86C1-0132-44B3-830A-BDEF2418B462}.Debug|x86.Build.0 = Debug|Win32
		{6A0E86C1-0132-44B3-830A-BDEF2418B462}.Release|Any CPU.ActiveCfg = Release|x64
		{6A0E86C1-0132-44B3-830A-BDEF2418B462}.Release|Any CPU.Build.0 = Release|x64
		{6A0E86C1-0132-44B3-830A-BDEF2418B462}.Release|x64.ActiveCfg = Release|x64
		{6A0E86C1-0132-44B3-830A-BDEF2418B462}.Release|x64.Build.0 = Release|x64
		{6A0E86C1-0132-44B3-830A-BDEF2418B462}.Release|x86.ActiveCfg = Release|Win32
		{6A0E86C1-0132-44B3-830A-BDEF2418B462}.Release|x86.Build.0 = Release|Win32
		{69F9C5EC-FD3F-4FD4-97FE-89B9DC8BADD2}.Debug|Any CPU.ActiveCfg = Debug|Any CPU
		{69F9C5EC-FD3F-4FD4-97FE-89B9DC8BADD2}.Debug|x64.ActiveCfg = Debug|Any CPU
		{69F9C5EC-FD3F-4FD4-97FE-89B9DC8BADD2}.Debug|x86.ActiveCfg = Debug|Any CPU
		{69F9C5EC-FD3F-4FD4-97FE-89B9DC8BADD2}.Release|Any CPU.ActiveCfg = Release|Any CPU
		{69F9C5EC-FD3F-4FD4-97FE-89B9DC8BADD2}.Release|x64.ActiveCfg = Release|Any CPU
		{69F9C5EC-FD3F-4FD4-97FE-89B9DC8BADD2}.Release|x86.ActiveCfg = Release|Any CPU
	EndGlobalSection
	GlobalSection(SolutionProperties) = preSolution
		HideSolutionNode = FALSE
	EndGlobalSection
	GlobalSection(NestedProjects) = preSolution
		{69F9C5EC-FD3F-4FD4-97FE-89B9DC8BADD2} = {0365DFD7-670E-4824-97C6-5EDE2824F594}
	EndGlobalSection
	GlobalSection(ExtensibilityGlobals) = postSolution
		SolutionGuid = {B2D7EFAE-8D9D-423F-ADBE-54EA13B7CFA5}
	EndGlobalSection
EndGlobal
